
Microsoft Visual Studio Solution File, Format Version 12.00
# Visual Studio Version 18
VisualStudioVersion = 18.2.11415.280
MinimumVisualStudioVersion = 10.0.40219.1
Project("{2150E333-8FDC-42A3-9474-1A3956D46DE8}") = "2 - Backend", "2 - Backend", "{526D188E-B887-45C3-89AA-7E751EA323EE}"
EndProject
Project("{2150E333-8FDC-42A3-9474-1A3956D46DE8}") = "1 - Frontend", "1 - Frontend", "{E3E6B2E8-E1E1-416F-A62F-74C21BF97256}"
EndProject
Project("{9A19103F-16F7-4668-BE54-9A1E7A4F7556}") = "GymTron.Application", "src\GymTron.Application\GymTron.Application.csproj", "{CB25201D-96E5-43E4-A563-0C03CE65F0E8}"
EndProject
Project("{9A19103F-16F7-4668-BE54-9A1E7A4F7556}") = "GymTron.Domain", "src\GymTron.Domain\GymTron.Domain.csproj", "{6E6D91B0-23FD-448C-9E6D-44DBFF090481}"
EndProject
Project("{9A19103F-16F7-4668-BE54-9A1E7A4F7556}") = "GymTron.Infrastructure", "src\GymTron.Infrastructure\GymTron.Infrastructure.csproj", "{7496F2CA-ACAC-4D48-ABA0-46C59621DF67}"
EndProject
Project("{9A19103F-16F7-4668-BE54-9A1E7A4F7556}") = "GymTron.App", "src\GymTron.App\GymTron.App.csproj", "{62E9845F-4701-4005-9618-0E588EAF2BA8}"
EndProject
Project("{2150E333-8FDC-42A3-9474-1A3956D46DE8}") = "3 - Docker", "3 - Docker", "{02EA681E-C7D8-13C7-8484-4AC65E1B71E8}"
	ProjectSection(SolutionItems) = preProject
		.dockerignore = .dockerignore
		.env = .env
		.env.example = .env.example
		docker-compose.yml = docker-compose.yml
		init.sql = init.sql
		src\GymTron.Api\Dockerfile = src\GymTron.Api\Dockerfile
		StartDockerScript.ps1 = StartDockerScript.ps1
	EndProjectSection
EndProject
Project("{FAE04EC0-301F-11D3-BF4B-00C04F79EFBC}") = "GymTron.Web", "src\GymTron.Web\GymTron.Web.csproj", "{13B3E226-3667-42D0-B9CF-903E61DE935A}"
EndProject
Project("{2150E333-8FDC-42A3-9474-1A3956D46DE8}") = "4 - Tests", "4 - Tests", "{B12AA355-E931-479F-858F-46381200EE1E}"
EndProject
Project("{FAE04EC0-301F-11D3-BF4B-00C04F79EFBC}") = "GymTron.UnitTests", "tests\GymTron.UnitTests\GymTron.UnitTests.csproj", "{10C7CC4A-12DD-4AE2-9F04-E8AAE3CBBFF0}"
EndProject
Project("{FAE04EC0-301F-11D3-BF4B-00C04F79EFBC}") = "GymTron.IntegrationTests", "tests\GymTron.IntegrationTests\GymTron.IntegrationTests.csproj", "{07B7A38C-5496-45EB-B453-CAFC79F7536F}"
EndProject
Project("{FAE04EC0-301F-11D3-BF4B-00C04F79EFBC}") = "GymTron.Api", "src\GymTron.Api\GymTron.Api.csproj", "{1BD35128-5A6A-46A6-8E15-B91028307F73}"
EndProject
Project("{FAE04EC0-301F-11D3-BF4B-00C04F79EFBC}") = "GymTron.Web.Tests", "tests\GymTron.Web.Tests\GymTron.Web.Tests.csproj", "{E14B4A8C-899E-4E7E-AA63-E3038B25D0AD}"
EndProject
Global
	GlobalSection(SolutionConfigurationPlatforms) = preSolution
		Debug|Any CPU = Debug|Any CPU
		Debug|x64 = Debug|x64
		Debug|x86 = Debug|x86
		Release|Any CPU = Release|Any CPU
		Release|x64 = Release|x64
		Release|x86 = Release|x86
	EndGlobalSection
	GlobalSection(ProjectConfigurationPlatforms) = postSolution
		{CB25201D-96E5-43E4-A563-0C03CE65F0E8}.Debug|Any CPU.ActiveCfg = Debug|Any CPU
		{CB25201D-96E5-43E4-A563-0C03CE65F0E8}.Debug|Any CPU.Build.0 = Debug|Any CPU
		{CB25201D-96E5-43E4-A563-0C03CE65F0E8}.Debug|x64.ActiveCfg = Debug|Any CPU
		{CB25201D-96E5-43E4-A563-0C03CE65F0E8}.Debug|x64.Build.0 = Debug|Any CPU
		{CB25201D-96E5-43E4-A563-0C03CE65F0E8}.Debug|x86.ActiveCfg = Debug|Any CPU
		{CB25201D-96E5-43E4-A563-0C03CE65F0E8}.Debug|x86.Build.0 = Debug|Any CPU
		{CB25201D-96E5-43E4-A563-0C03CE65F0E8}.Release|Any CPU.ActiveCfg = Release|Any CPU
		{CB25201D-96E5-43E4-A563-0C03CE65F0E8}.Release|Any CPU.Build.0 = Release|Any CPU
		{CB25201D-96E5-43E4-A563-0C03CE65F0E8}.Release|x64.ActiveCfg = Release|Any CPU
		{CB25201D-96E5-43E4-A563-0C03CE65F0E8}.Release|x64.Build.0 = Release|Any CPU
		{CB25201D-96E5-43E4-A563-0C03CE65F0E8}.Release|x86.ActiveCfg = Release|Any CPU
		{CB25201D-96E5-43E4-A563-0C03CE65F0E8}.Release|x86.Build.0 = Release|Any CPU
		{6E6D91B0-23FD-448C-9E6D-44DBFF090481}.Debug|Any CPU.ActiveCfg = Debug|Any CPU
		{6E6D91B0-23FD-448C-9E6D-44DBFF090481}.Debug|Any CPU.Build.0 = Debug|Any CPU
		{6E6D91B0-23FD-448C-9E6D-44DBFF090481}.Debug|x64.ActiveCfg = Debug|Any CPU
		{6E6D91B0-23FD-448C-9E6D-44DBFF090481}.Debug|x64.Build.0 = Debug|Any CPU
		{6E6D91B0-23FD-448C-9E6D-44DBFF090481}.Debug|x86.ActiveCfg = Debug|Any CPU
		{6E6D91B0-23FD-448C-9E6D-44DBFF090481}.Debug|x86.Build.0 = Debug|Any CPU
		{6E6D91B0-23FD-448C-9E6D-44DBFF090481}.Release|Any CPU.ActiveCfg = Release|Any CPU
		{6E6D91B0-23FD-448C-9E6D-44DBFF090481}.Release|Any CPU.Build.0 = Release|Any CPU
		{6E6D91B0-23FD-448C-9E6D-44DBFF090481}.Release|x64.ActiveCfg = Release|Any CPU
		{6E6D91B0-23FD-448C-9E6D-44DBFF090481}.Release|x64.Build.0 = Release|Any CPU
		{6E6D91B0-23FD-448C-9E6D-44DBFF090481}.Release|x86.ActiveCfg = Release|Any CPU
		{6E6D91B0-23FD-448C-9E6D-44DBFF090481}.Release|x86.Build.0 = Release|Any CPU
		{7496F2CA-ACAC-4D48-ABA0-46C59621DF67}.Debug|Any CPU.ActiveCfg = Debug|Any CPU
		{7496F2CA-ACAC-4D48-ABA0-46C59621DF67}.Debug|Any CPU.Build.0 = Debug|Any CPU
		{7496F2CA-ACAC-4D48-ABA0-46C59621DF67}.Debug|x64.ActiveCfg = Debug|Any CPU
		{7496F2CA-ACAC-4D48-ABA0-46C59621DF67}.Debug|x64.Build.0 = Debug|Any CPU
		{7496F2CA-ACAC-4D48-ABA0-46C59621DF67}.Debug|x86.ActiveCfg = Debug|Any CPU
		{7496F2CA-ACAC-4D48-ABA0-46C59621DF67}.Debug|x86.Build.0 = Debug|Any CPU
		{7496F2CA-ACAC-4D48-ABA0-46C59621DF67}.Release|Any CPU.ActiveCfg = Release|Any CPU
		{7496F2CA-ACAC-4D48-ABA0-46C59621DF67}.Release|Any CPU.Build.0 = Release|Any CPU
		{7496F2CA-ACAC-4D48-ABA0-46C59621DF67}.Release|x64.ActiveCfg = Release|Any CPU
		{7496F2CA-ACAC-4D48-ABA0-46C59621DF67}.Release|x64.Build.0 = Release|Any CPU
		{7496F2CA-ACAC-4D48-ABA0-46C59621DF67}.Release|x86.ActiveCfg = Release|Any CPU
		{7496F2CA-ACAC-4D48-ABA0-46C59621DF67}.Release|x86.Build.0 = Release|Any CPU
		{62E9845F-4701-4005-9618-0E588EAF2BA8}.Debug|Any CPU.ActiveCfg = Debug|Any CPU
		{62E9845F-4701-4005-9618-0E588EAF2BA8}.Debug|Any CPU.Build.0 = Debug|Any CPU
		{62E9845F-4701-4005-9618-0E588EAF2BA8}.Debug|Any CPU.Deploy.0 = Debug|Any CPU
		{62E9845F-4701-4005-9618-0E588EAF2BA8}.Debug|x64.ActiveCfg = Debug|Any CPU
		{62E9845F-4701-4005-9618-0E588EAF2BA8}.Debug|x64.Build.0 = Debug|Any CPU
		{62E9845F-4701-4005-9618-0E588EAF2BA8}.Debug|x86.ActiveCfg = Debug|Any CPU
		{62E9845F-4701-4005-9618-0E588EAF2BA8}.Debug|x86.Build.0 = Debug|Any CPU
		{62E9845F-4701-4005-9618-0E588EAF2BA8}.Release|Any CPU.ActiveCfg = Release|Any CPU
		{62E9845F-4701-4005-9618-0E588EAF2BA8}.Release|Any CPU.Build.0 = Release|Any CPU
		{62E9845F-4701-4005-9618-0E588EAF2BA8}.Release|Any CPU.Deploy.0 = Release|Any CPU
		{62E9845F-4701-4005-9618-0E588EAF2BA8}.Release|x64.ActiveCfg = Release|Any CPU
		{62E9845F-4701-4005-9618-0E588EAF2BA8}.Release|x64.Build.0 = Release|Any CPU
		{62E9845F-4701-4005-9618-0E588EAF2BA8}.Release|x86.ActiveCfg = Release|Any CPU
		{62E9845F-4701-4005-9618-0E588EAF2BA8}.Release|x86.Build.0 = Release|Any CPU
		{13B3E226-3667-42D0-B9CF-903E61DE935A}.Debug|Any CPU.ActiveCfg = Debug|Any CPU
		{13B3E226-3667-42D0-B9CF-903E61DE935A}.Debug|Any CPU.Build.0 = Debug|Any CPU
		{13B3E226-3667-42D0-B9CF-903E61DE935A}.Debug|x64.ActiveCfg = Debug|Any CPU
		{13B3E226-3667-42D0-B9CF-903E61DE935A}.Debug|x64.Build.0 = Debug|Any CPU
		{13B3E226-3667-42D0-B9CF-903E61DE935A}.Debug|x86.ActiveCfg = Debug|Any CPU
		{13B3E226-3667-42D0-B9CF-903E61DE935A}.Debug|x86.Build.0 = Debug|Any CPU
		{13B3E226-3667-42D0-B9CF-903E61DE935A}.Release|Any CPU.ActiveCfg = Release|Any CPU
		{13B3E226-3667-42D0-B9CF-903E61DE935A}.Release|Any CPU.Build.0 = Release|Any CPU
		{13B3E226-3667-42D0-B9CF-903E61DE935A}.Release|x64.ActiveCfg = Release|Any CPU
		{13B3E226-3667-42D0-B9CF-903E61DE935A}.Release|x64.Build.0 = Release|Any CPU
		{13B3E226-3667-42D0-B9CF-903E61DE935A}.Release|x86.ActiveCfg = Release|Any CPU
		{13B3E226-3667-42D0-B9CF-903E61DE935A}.Release|x86.Build.0 = Release|Any CPU
		{10C7CC4A-12DD-4AE2-9F04-E8AAE3CBBFF0}.Debug|Any CPU.ActiveCfg = Debug|Any CPU
		{10C7CC4A-12DD-4AE2-9F04-E8AAE3CBBFF0}.Debug|Any CPU.Build.0 = Debug|Any CPU
		{10C7CC4A-12DD-4AE2-9F04-E8AAE3CBBFF0}.Debug|x64.ActiveCfg = Debug|Any CPU
		{10C7CC4A-12DD-4AE2-9F04-E8AAE3CBBFF0}.Debug|x64.Build.0 = Debug|Any CPU
		{10C7CC4A-12DD-4AE2-9F04-E8AAE3CBBFF0}.Debug|x86.ActiveCfg = Debug|Any CPU
		{10C7CC4A-12DD-4AE2-9F04-E8AAE3CBBFF0}.Debug|x86.Build.0 = Debug|Any CPU
		{10C7CC4A-12DD-4AE2-9F04-E8AAE3CBBFF0}.Release|Any CPU.ActiveCfg = Release|Any CPU
		{10C7CC4A-12DD-4AE2-9F04-E8AAE3CBBFF0}.Release|Any CPU.Build.0 = Release|Any CPU
		{10C7CC4A-12DD-4AE2-9F04-E8AAE3CBBFF0}.Release|x64.ActiveCfg = Release|Any CPU
		{10C7CC4A-12DD-4AE2-9F04-E8AAE3CBBFF0}.Release|x64.Build.0 = Release|Any CPU
		{10C7CC4A-12DD-4AE2-9F04-E8AAE3CBBFF0}.Release|x86.ActiveCfg = Release|Any CPU
		{10C7CC4A-12DD-4AE2-9F04-E8AAE3CBBFF0}.Release|x86.Build.0 = Release|Any CPU
		{07B7A38C-5496-45EB-B453-CAFC79F7536F}.Debug|Any CPU.ActiveCfg = Debug|Any CPU
		{07B7A38C-5496-45EB-B453-CAFC79F7536F}.Debug|Any CPU.Build.0 = Debug|Any CPU
		{07B7A38C-5496-45EB-B453-CAFC79F7536F}.Debug|x64.ActiveCfg = Debug|Any CPU
		{07B7A38C-5496-45EB-B453-CAFC79F7536F}.Debug|x64.Build.0 = Debug|Any CPU
		{07B7A38C-5496-45EB-B453-CAFC79F7536F}.Debug|x86.ActiveCfg = Debug|Any CPU
		{07B7A38C-5496-45EB-B453-CAFC79F7536F}.Debug|x86.Build.0 = Debug|Any CPU
		{07B7A38C-5496-45EB-B453-CAFC79F7536F}.Release|Any CPU.ActiveCfg = Release|Any CPU
		{07B7A38C-5496-45EB-B453-CAFC79F7536F}.Release|Any CPU.Build.0 = Release|Any CPU
		{07B7A38C-5496-45EB-B453-CAFC79F7536F}.Release|x64.ActiveCfg = Release|Any CPU
		{07B7A38C-5496-45EB-B453-CAFC79F7536F}.Release|x64.Build.0 = Release|Any CPU
		{07B7A38C-5496-45EB-B453-CAFC79F7536F}.Release|x86.ActiveCfg = Release|Any CPU
		{07B7A38C-5496-45EB-B453-CAFC79F7536F}.Release|x86.Build.0 = Release|Any CPU
		{1BD35128-5A6A-46A6-8E15-B91028307F73}.Debug|Any CPU.ActiveCfg = Debug|Any CPU
		{1BD35128-5A6A-46A6-8E15-B91028307F73}.Debug|Any CPU.Build.0 = Debug|Any CPU
		{1BD35128-5A6A-46A6-8E15-B91028307F73}.Debug|x64.ActiveCfg = Debug|Any CPU
		{1BD35128-5A6A-46A6-8E15-B91028307F73}.Debug|x64.Build.0 = Debug|Any CPU
		{1BD35128-5A6A-46A6-8E15-B91028307F73}.Debug|x86.ActiveCfg = Debug|Any CPU
		{1BD35128-5A6A-46A6-8E15-B91028307F73}.Debug|x86.Build.0 = Debug|Any CPU
		{1BD35128-5A6A-46A6-8E15-B91028307F73}.Release|Any CPU.ActiveCfg = Release|Any CPU
		{1BD35128-5A6A-46A6-8E15-B91028307F73}.Release|Any CPU.Build.0 = Release|Any CPU
		{1BD35128-5A6A-46A6-8E15-B91028307F73}.Release|x64.ActiveCfg = Release|Any CPU
		{1BD35128-5A6A-46A6-8E15-B91028307F73}.Release|x64.Build.0 = Release|Any CPU
		{1BD35128-5A6A-46A6-8E15-B91028307F73}.Release|x86.ActiveCfg = Release|Any CPU
		{1BD35128-5A6A-46A6-8E15-B91028307F73}.Release|x86.Build.0 = Release|Any CPU
		{E14B4A8C-899E-4E7E-AA63-E3038B25D0AD}.Debug|Any CPU.ActiveCfg = Debug|Any CPU
		{E14B4A8C-899E-4E7E-AA63-E3038B25D0AD}.Debug|Any CPU.Build.0 = Debug|Any CPU
		{E14B4A8C-899E-4E7E-AA63-E3038B25D0AD}.Debug|x64.ActiveCfg = Debug|Any CPU
		{E14B4A8C-899E-4E7E-AA63-E3038B25D0AD}.Debug|x64.Build.0 = Debug|Any CPU
		{E14B4A8C-899E-4E7E-AA63-E3038B25D0AD}.Debug|x86.ActiveCfg = Debug|Any CPU
		{E14B4A8C-899E-4E7E-AA63-E3038B25D0AD}.Debug|x86.Build.0 = Debug|Any CPU
		{E14B4A8C-899E-4E7E-AA63-E3038B25D0AD}.Release|Any CPU.ActiveCfg = Release|Any CPU
		{E14B4A8C-899E-4E7E-AA63-E3038B25D0AD}.Release|Any CPU.Build.0 = Release|Any CPU
		{E14B4A8C-899E-4E7E-AA63-E3038B25D0AD}.Release|x64.ActiveCfg = Release|Any CPU
		{E14B4A8C-899E-4E7E-AA63-E3038B25D0AD}.Release|x64.Build.0 = Release|Any CPU
		{E14B4A8C-899E-4E7E-AA63-E3038B25D0AD}.Release|x86.ActiveCfg = Release|Any CPU
		{E14B4A8C-899E-4E7E-AA63-E3038B25D0AD}.Release|x86.Build.0 = Release|Any CPU
	EndGlobalSection
	GlobalSection(SolutionProperties) = preSolution
		HideSolutionNode = FALSE
	EndGlobalSection
	GlobalSection(NestedProjects) = preSolution
		{CB25201D-96E5-43E4-A563-0C03CE65F0E8} = {526D188E-B887-45C3-89AA-7E751EA323EE}
		{6E6D91B0-23FD-448C-9E6D-44DBFF090481} = {526D188E-B887-45C3-89AA-7E751EA323EE}
		{7496F2CA-ACAC-4D48-ABA0-46C59621DF67} = {526D188E-B887-45C3-89AA-7E751EA323EE}
		{62E9845F-4701-4005-9618-0E588EAF2BA8} = {E3E6B2E8-E1E1-416F-A62F-74C21BF97256}
		{13B3E226-3667-42D0-B9CF-903E61DE935A} = {E3E6B2E8-E1E1-416F-A62F-74C21BF97256}
		{10C7CC4A-12DD-4AE2-9F04-E8AAE3CBBFF0} = {B12AA355-E931-479F-858F-46381200EE1E}
		{07B7A38C-5496-45EB-B453-CAFC79F7536F} = {B12AA355-E931-479F-858F-46381200EE1E}
		{1BD35128-5A6A-46A6-8E15-B91028307F73} = {526D188E-B887-45C3-89AA-7E751EA323EE}
		{E14B4A8C-899E-4E7E-AA63-E3038B25D0AD} = {B12AA355-E931-479F-858F-46381200EE1E}
	EndGlobalSection
	GlobalSection(ExtensibilityGlobals) = postSolution
		SolutionGuid = {917E66EC-B6F8-4CC6-8C49-55B6679A2809}
	EndGlobalSection
EndGlobal
